// !$*UTF8*$!
{
	archiveVersion = 1;
	classes = {
	};
	objectVersion = 50;
	objects = {

/* Begin PBXBuildFile section */
		BC82EAFB35FB74EA93A9970C /* Pods_Photoshare.framework in Frameworks */ = {isa = PBXBuildFile; fileRef = E4B48610CE0ABC1944B19521 /* Pods_Photoshare.framework */; };
		E909D1D122781BE70019647E /* Camera.swift in Sources */ = {isa = PBXBuildFile; fileRef = E909D1D022781BE70019647E /* Camera.swift */; };
		E909D1D4227820910019647E /* Downloader.swift in Sources */ = {isa = PBXBuildFile; fileRef = E909D1D3227820910019647E /* Downloader.swift */; };
		E909D1D622782C280019647E /* PhotoMediaItem.swift in Sources */ = {isa = PBXBuildFile; fileRef = E909D1D522782C280019647E /* PhotoMediaItem.swift */; };
		E909D1D82279172B0019647E /* SavedImagesCollectionViewController.swift in Sources */ = {isa = PBXBuildFile; fileRef = E909D1D72279172B0019647E /* SavedImagesCollectionViewController.swift */; };
		E909D1DA227917670019647E /* SavedImageCollectionViewCell.swift in Sources */ = {isa = PBXBuildFile; fileRef = E909D1D9227917670019647E /* SavedImageCollectionViewCell.swift */; };
		E920A053227167B200BAD218 /* GoogleService-Info.plist in Resources */ = {isa = PBXBuildFile; fileRef = E920A052227167B100BAD218 /* GoogleService-Info.plist */; };
		E920A0552271724E00BAD218 /* User.swift in Sources */ = {isa = PBXBuildFile; fileRef = E920A0542271724E00BAD218 /* User.swift */; };
		E920A057227172CB00BAD218 /* Constants.swift in Sources */ = {isa = PBXBuildFile; fileRef = E920A056227172CB00BAD218 /* Constants.swift */; };
		E920A0592271750D00BAD218 /* CollectionReference.swift in Sources */ = {isa = PBXBuildFile; fileRef = E920A0582271750D00BAD218 /* CollectionReference.swift */; };
		E920A05B227176A200BAD218 /* HelperFunctions.swift in Sources */ = {isa = PBXBuildFile; fileRef = E920A05A227176A200BAD218 /* HelperFunctions.swift */; };
		E9B612D72271534C00D84448 /* AppDelegate.swift in Sources */ = {isa = PBXBuildFile; fileRef = E9B612D62271534C00D84448 /* AppDelegate.swift */; };
		E9B612DC2271534C00D84448 /* Main.storyboard in Resources */ = {isa = PBXBuildFile; fileRef = E9B612DA2271534C00D84448 /* Main.storyboard */; };
		E9B612DE2271534E00D84448 /* Assets.xcassets in Resources */ = {isa = PBXBuildFile; fileRef = E9B612DD2271534E00D84448 /* Assets.xcassets */; };
		E9B612E12271534E00D84448 /* LaunchScreen.storyboard in Resources */ = {isa = PBXBuildFile; fileRef = E9B612DF2271534E00D84448 /* LaunchScreen.storyboard */; };
		E9B612E9227158AD00D84448 /* WelcomeViewController.swift in Sources */ = {isa = PBXBuildFile; fileRef = E9B612E8227158AD00D84448 /* WelcomeViewController.swift */; };
		E9C41A9A22719D50008B393E /* FinishRegistrationViewController.swift in Sources */ = {isa = PBXBuildFile; fileRef = E9C41A9922719D50008B393E /* FinishRegistrationViewController.swift */; };
		E9C41A9D2272859F008B393E /* SettingsTableViewController.swift in Sources */ = {isa = PBXBuildFile; fileRef = E9C41A9C2272859F008B393E /* SettingsTableViewController.swift */; };
		E9C41A9F22729F6C008B393E /* UserTableViewCell.swift in Sources */ = {isa = PBXBuildFile; fileRef = E9C41A9E22729F6C008B393E /* UserTableViewCell.swift */; };
		E9C41AA52272A540008B393E /* UsersTableViewController.swift in Sources */ = {isa = PBXBuildFile; fileRef = E9C41AA42272A540008B393E /* UsersTableViewController.swift */; };
		E9C41AA92272B7AB008B393E /* MessagesViewController.swift in Sources */ = {isa = PBXBuildFile; fileRef = E9C41AA82272B7AB008B393E /* MessagesViewController.swift */; };
		E9C82FE52279511E00AB1C6A /* ImagePicker.framework in Frameworks */ = {isa = PBXBuildFile; fileRef = E9C82FE42279511E00AB1C6A /* ImagePicker.framework */; };
		E9C82FE72279886F00AB1C6A /* TimelineTableViewController.swift in Sources */ = {isa = PBXBuildFile; fileRef = E9C82FE62279886F00AB1C6A /* TimelineTableViewController.swift */; };
		E9C82FE922798FFA00AB1C6A /* UploadPostsViewController.swift in Sources */ = {isa = PBXBuildFile; fileRef = E9C82FE822798FFA00AB1C6A /* UploadPostsViewController.swift */; };
		E9C82FEB227998B100AB1C6A /* Posts.swift in Sources */ = {isa = PBXBuildFile; fileRef = E9C82FEA227998B100AB1C6A /* Posts.swift */; };
		E9C82FED2279A7B900AB1C6A /* PostTableViewCell.swift in Sources */ = {isa = PBXBuildFile; fileRef = E9C82FEC2279A7B900AB1C6A /* PostTableViewCell.swift */; };
		E9E269212272F6A500BACFBE /* ContactTableViewController.swift in Sources */ = {isa = PBXBuildFile; fileRef = E9E269202272F6A500BACFBE /* ContactTableViewController.swift */; };
		E9E26925227315A100BACFBE /* Recent.swift in Sources */ = {isa = PBXBuildFile; fileRef = E9E26924227315A100BACFBE /* Recent.swift */; };
		E9E269272273E36D00BACFBE /* RecentMessageTableViewCell.swift in Sources */ = {isa = PBXBuildFile; fileRef = E9E269262273E36D00BACFBE /* RecentMessageTableViewCell.swift */; };
		E9E2692922758CC400BACFBE /* MessageViewController.swift in Sources */ = {isa = PBXBuildFile; fileRef = E9E2692822758CC400BACFBE /* MessageViewController.swift */; };
		E9F3766522768744005CD116 /* OutgoingMessage.swift in Sources */ = {isa = PBXBuildFile; fileRef = E9F3766422768744005CD116 /* OutgoingMessage.swift */; };
		E9F376672276C282005CD116 /* IncomingMessage.swift in Sources */ = {isa = PBXBuildFile; fileRef = E9F376662276C282005CD116 /* IncomingMessage.swift */; };
/* End PBXBuildFile section */

/* Begin PBXFileReference section */
		030AB0B1C8C3D3707A9A0544 /* Pods-Photoshare.release.xcconfig */ = {isa = PBXFileReference; includeInIndex = 1; lastKnownFileType = text.xcconfig; name = "Pods-Photoshare.release.xcconfig"; path = "Target Support Files/Pods-Photoshare/Pods-Photoshare.release.xcconfig"; sourceTree = "<group>"; };
		31053229C59D2392E0323610 /* Pods-Photoshare.debug.xcconfig */ = {isa = PBXFileReference; includeInIndex = 1; lastKnownFileType = text.xcconfig; name = "Pods-Photoshare.debug.xcconfig"; path = "Target Support Files/Pods-Photoshare/Pods-Photoshare.debug.xcconfig"; sourceTree = "<group>"; };
		E4B48610CE0ABC1944B19521 /* Pods_Photoshare.framework */ = {isa = PBXFileReference; explicitFileType = wrapper.framework; includeInIndex = 0; path = Pods_Photoshare.framework; sourceTree = BUILT_PRODUCTS_DIR; };
		E909D1D022781BE70019647E /* Camera.swift */ = {isa = PBXFileReference; lastKnownFileType = sourcecode.swift; path = Camera.swift; sourceTree = "<group>"; };
		E909D1D3227820910019647E /* Downloader.swift */ = {isa = PBXFileReference; lastKnownFileType = sourcecode.swift; path = Downloader.swift; sourceTree = "<group>"; };
		E909D1D522782C280019647E /* PhotoMediaItem.swift */ = {isa = PBXFileReference; lastKnownFileType = sourcecode.swift; path = PhotoMediaItem.swift; sourceTree = "<group>"; };
		E909D1D72279172B0019647E /* SavedImagesCollectionViewController.swift */ = {isa = PBXFileReference; lastKnownFileType = sourcecode.swift; path = SavedImagesCollectionViewController.swift; sourceTree = "<group>"; };
		E909D1D9227917670019647E /* SavedImageCollectionViewCell.swift */ = {isa = PBXFileReference; lastKnownFileType = sourcecode.swift; path = SavedImageCollectionViewCell.swift; sourceTree = "<group>"; };
		E920A052227167B100BAD218 /* GoogleService-Info.plist */ = {isa = PBXFileReference; fileEncoding = 4; lastKnownFileType = text.plist.xml; path = "GoogleService-Info.plist"; sourceTree = "<group>"; };
		E920A0542271724E00BAD218 /* User.swift */ = {isa = PBXFileReference; lastKnownFileType = sourcecode.swift; path = User.swift; sourceTree = "<group>"; };
		E920A056227172CB00BAD218 /* Constants.swift */ = {isa = PBXFileReference; lastKnownFileType = sourcecode.swift; path = Constants.swift; sourceTree = "<group>"; };
		E920A0582271750D00BAD218 /* CollectionReference.swift */ = {isa = PBXFileReference; lastKnownFileType = sourcecode.swift; path = CollectionReference.swift; sourceTree = "<group>"; };
		E920A05A227176A200BAD218 /* HelperFunctions.swift */ = {isa = PBXFileReference; lastKnownFileType = sourcecode.swift; path = HelperFunctions.swift; sourceTree = "<group>"; };
		E9B612D32271534C00D84448 /* Photoshare.app */ = {isa = PBXFileReference; explicitFileType = wrapper.application; includeInIndex = 0; path = Photoshare.app; sourceTree = BUILT_PRODUCTS_DIR; };
		E9B612D62271534C00D84448 /* AppDelegate.swift */ = {isa = PBXFileReference; lastKnownFileType = sourcecode.swift; path = AppDelegate.swift; sourceTree = "<group>"; };
		E9B612DB2271534C00D84448 /* Base */ = {isa = PBXFileReference; lastKnownFileType = file.storyboard; name = Base; path = Base.lproj/Main.storyboard; sourceTree = "<group>"; };
		E9B612DD2271534E00D84448 /* Assets.xcassets */ = {isa = PBXFileReference; lastKnownFileType = folder.assetcatalog; path = Assets.xcassets; sourceTree = "<group>"; };
		E9B612E02271534E00D84448 /* Base */ = {isa = PBXFileReference; lastKnownFileType = file.storyboard; name = Base; path = Base.lproj/LaunchScreen.storyboard; sourceTree = "<group>"; };
		E9B612E22271534E00D84448 /* Info.plist */ = {isa = PBXFileReference; lastKnownFileType = text.plist.xml; path = Info.plist; sourceTree = "<group>"; };
		E9B612E8227158AD00D84448 /* WelcomeViewController.swift */ = {isa = PBXFileReference; lastKnownFileType = sourcecode.swift; path = WelcomeViewController.swift; sourceTree = "<group>"; };
		E9C41A9922719D50008B393E /* FinishRegistrationViewController.swift */ = {isa = PBXFileReference; lastKnownFileType = sourcecode.swift; path = FinishRegistrationViewController.swift; sourceTree = "<group>"; };
		E9C41A9C2272859F008B393E /* SettingsTableViewController.swift */ = {isa = PBXFileReference; lastKnownFileType = sourcecode.swift; path = SettingsTableViewController.swift; sourceTree = "<group>"; };
		E9C41A9E22729F6C008B393E /* UserTableViewCell.swift */ = {isa = PBXFileReference; lastKnownFileType = sourcecode.swift; path = UserTableViewCell.swift; sourceTree = "<group>"; };
		E9C41AA42272A540008B393E /* UsersTableViewController.swift */ = {isa = PBXFileReference; lastKnownFileType = sourcecode.swift; path = UsersTableViewController.swift; sourceTree = "<group>"; };
		E9C41AA82272B7AB008B393E /* MessagesViewController.swift */ = {isa = PBXFileReference; lastKnownFileType = sourcecode.swift; path = MessagesViewController.swift; sourceTree = "<group>"; };
		E9C82FE42279511E00AB1C6A /* ImagePicker.framework */ = {isa = PBXFileReference; explicitFileType = wrapper.framework; path = ImagePicker.framework; sourceTree = BUILT_PRODUCTS_DIR; };
		E9C82FE62279886F00AB1C6A /* TimelineTableViewController.swift */ = {isa = PBXFileReference; lastKnownFileType = sourcecode.swift; path = TimelineTableViewController.swift; sourceTree = "<group>"; };
		E9C82FE822798FFA00AB1C6A /* UploadPostsViewController.swift */ = {isa = PBXFileReference; lastKnownFileType = sourcecode.swift; path = UploadPostsViewController.swift; sourceTree = "<group>"; };
		E9C82FEA227998B100AB1C6A /* Posts.swift */ = {isa = PBXFileReference; lastKnownFileType = sourcecode.swift; path = Posts.swift; sourceTree = "<group>"; };
		E9C82FEC2279A7B900AB1C6A /* PostTableViewCell.swift */ = {isa = PBXFileReference; lastKnownFileType = sourcecode.swift; path = PostTableViewCell.swift; sourceTree = "<group>"; };
		E9E269202272F6A500BACFBE /* ContactTableViewController.swift */ = {isa = PBXFileReference; lastKnownFileType = sourcecode.swift; path = ContactTableViewController.swift; sourceTree = "<group>"; };
		E9E26924227315A100BACFBE /* Recent.swift */ = {isa = PBXFileReference; lastKnownFileType = sourcecode.swift; path = Recent.swift; sourceTree = "<group>"; };
		E9E269262273E36D00BACFBE /* RecentMessageTableViewCell.swift */ = {isa = PBXFileReference; lastKnownFileType = sourcecode.swift; path = RecentMessageTableViewCell.swift; sourceTree = "<group>"; };
		E9E2692822758CC400BACFBE /* MessageViewController.swift */ = {isa = PBXFileReference; lastKnownFileType = sourcecode.swift; path = MessageViewController.swift; sourceTree = "<group>"; };
		E9F3766422768744005CD116 /* OutgoingMessage.swift */ = {isa = PBXFileReference; lastKnownFileType = sourcecode.swift; path = OutgoingMessage.swift; sourceTree = "<group>"; };
		E9F376662276C282005CD116 /* IncomingMessage.swift */ = {isa = PBXFileReference; lastKnownFileType = sourcecode.swift; path = IncomingMessage.swift; sourceTree = "<group>"; };
/* End PBXFileReference section */

/* Begin PBXFrameworksBuildPhase section */
		E9B612D02271534C00D84448 /* Frameworks */ = {
			isa = PBXFrameworksBuildPhase;
			buildActionMask = 2147483647;
			files = (
				E9C82FE52279511E00AB1C6A /* ImagePicker.framework in Frameworks */,
				BC82EAFB35FB74EA93A9970C /* Pods_Photoshare.framework in Frameworks */,
			);
			runOnlyForDeploymentPostprocessing = 0;
		};
/* End PBXFrameworksBuildPhase section */

/* Begin PBXGroup section */
		08A288C0AD7098BC7F9FFB90 /* Frameworks */ = {
			isa = PBXGroup;
			children = (
				E9C82FE42279511E00AB1C6A /* ImagePicker.framework */,
				E4B48610CE0ABC1944B19521 /* Pods_Photoshare.framework */,
			);
			name = Frameworks;
			sourceTree = "<group>";
		};
		115BBDD159BAB91BA405021F /* Pods */ = {
			isa = PBXGroup;
			children = (
				31053229C59D2392E0323610 /* Pods-Photoshare.debug.xcconfig */,
				030AB0B1C8C3D3707A9A0544 /* Pods-Photoshare.release.xcconfig */,
			);
			path = Pods;
			sourceTree = "<group>";
		};
		E909D1D22278202D0019647E /* Helpers */ = {
			isa = PBXGroup;
			children = (
				E920A056227172CB00BAD218 /* Constants.swift */,
				E909D1D022781BE70019647E /* Camera.swift */,
				E909D1D3227820910019647E /* Downloader.swift */,
				E909D1D522782C280019647E /* PhotoMediaItem.swift */,
				E9C82FEA227998B100AB1C6A /* Posts.swift */,
				E920A05A227176A200BAD218 /* HelperFunctions.swift */,
			);
			path = Helpers;
			sourceTree = "<group>";
		};
		E920A05C227177AB00BAD218 /* Firebase */ = {
			isa = PBXGroup;
			children = (
				E920A0582271750D00BAD218 /* CollectionReference.swift */,
			);
			path = Firebase;
			sourceTree = "<group>";
		};
		E9B612CA2271534C00D84448 = {
			isa = PBXGroup;
			children = (
				E9B612D52271534C00D84448 /* Photoshare */,
				E9B612D42271534C00D84448 /* Products */,
				08A288C0AD7098BC7F9FFB90 /* Frameworks */,
				115BBDD159BAB91BA405021F /* Pods */,
			);
			sourceTree = "<group>";
		};
		E9B612D42271534C00D84448 /* Products */ = {
			isa = PBXGroup;
			children = (
				E9B612D32271534C00D84448 /* Photoshare.app */,
			);
			name = Products;
			sourceTree = "<group>";
		};
		E9B612D52271534C00D84448 /* Photoshare */ = {
			isa = PBXGroup;
			children = (
				E9B612D62271534C00D84448 /* AppDelegate.swift */,
				E9B612DA2271534C00D84448 /* Main.storyboard */,
				E9E269232273158500BACFBE /* Classes */,
				E9C41AA12272A108008B393E /* ViewCells */,
				E9C41A9B2271A16B008B393E /* ViewControllers */,
				E920A05C227177AB00BAD218 /* Firebase */,
				E909D1D22278202D0019647E /* Helpers */,
				E9C41AA02272A089008B393E /* Other Files */,
				E9B612DD2271534E00D84448 /* Assets.xcassets */,
			);
			path = Photoshare;
			sourceTree = "<group>";
		};
		E9C41A9B2271A16B008B393E /* ViewControllers */ = {
			isa = PBXGroup;
			children = (
				E9B612E8227158AD00D84448 /* WelcomeViewController.swift */,
				E9C41A9922719D50008B393E /* FinishRegistrationViewController.swift */,
				E9C41AA42272A540008B393E /* UsersTableViewController.swift */,
				E9C41AA82272B7AB008B393E /* MessagesViewController.swift */,
				E9E269202272F6A500BACFBE /* ContactTableViewController.swift */,
				E9E2692822758CC400BACFBE /* MessageViewController.swift */,
				E909D1D72279172B0019647E /* SavedImagesCollectionViewController.swift */,
				E9C82FE62279886F00AB1C6A /* TimelineTableViewController.swift */,
				E9C82FE822798FFA00AB1C6A /* UploadPostsViewController.swift */,
				E9C41A9C2272859F008B393E /* SettingsTableViewController.swift */,
			);
			path = ViewControllers;
			sourceTree = "<group>";
		};
		E9C41AA02272A089008B393E /* Other Files */ = {
			isa = PBXGroup;
			children = (
				E9B612DF2271534E00D84448 /* LaunchScreen.storyboard */,
				E920A052227167B100BAD218 /* GoogleService-Info.plist */,
				E9B612E22271534E00D84448 /* Info.plist */,
			);
			path = "Other Files";
			sourceTree = "<group>";
		};
		E9C41AA12272A108008B393E /* ViewCells */ = {
			isa = PBXGroup;
			children = (
				E9C41A9E22729F6C008B393E /* UserTableViewCell.swift */,
				E9E269262273E36D00BACFBE /* RecentMessageTableViewCell.swift */,
				E9C82FEC2279A7B900AB1C6A /* PostTableViewCell.swift */,
				E909D1D9227917670019647E /* SavedImageCollectionViewCell.swift */,
			);
			path = ViewCells;
			sourceTree = "<group>";
		};
		E9E269232273158500BACFBE /* Classes */ = {
			isa = PBXGroup;
			children = (
				E920A0542271724E00BAD218 /* User.swift */,
				E9E26924227315A100BACFBE /* Recent.swift */,
				E9F3766422768744005CD116 /* OutgoingMessage.swift */,
				E9F376662276C282005CD116 /* IncomingMessage.swift */,
			);
			path = Classes;
			sourceTree = "<group>";
		};
/* End PBXGroup section */

/* Begin PBXNativeTarget section */
		E9B612D22271534C00D84448 /* Photoshare */ = {
			isa = PBXNativeTarget;
			buildConfigurationList = E9B612E52271534E00D84448 /* Build configuration list for PBXNativeTarget "Photoshare" */;
			buildPhases = (
				6BD5529D5D43A43D6BFA2C1C /* [CP] Check Pods Manifest.lock */,
				E9B612CF2271534C00D84448 /* Sources */,
				E9B612D02271534C00D84448 /* Frameworks */,
				E9B612D12271534C00D84448 /* Resources */,
				C325B9701A409BDBF696B1CE /* [CP] Embed Pods Frameworks */,
			);
			buildRules = (
			);
			dependencies = (
			);
			name = Photoshare;
			productName = Photoshare;
			productReference = E9B612D32271534C00D84448 /* Photoshare.app */;
			productType = "com.apple.product-type.application";
		};
/* End PBXNativeTarget section */

/* Begin PBXProject section */
		E9B612CB2271534C00D84448 /* Project object */ = {
			isa = PBXProject;
			attributes = {
				LastSwiftUpdateCheck = 1010;
				LastUpgradeCheck = 1010;
				ORGANIZATIONNAME = Thomas;
				TargetAttributes = {
					E9B612D22271534C00D84448 = {
						CreatedOnToolsVersion = 10.1;
					};
				};
			};
			buildConfigurationList = E9B612CE2271534C00D84448 /* Build configuration list for PBXProject "Photoshare" */;
			compatibilityVersion = "Xcode 9.3";
			developmentRegion = en;
			hasScannedForEncodings = 0;
			knownRegions = (
				en,
				Base,
			);
			mainGroup = E9B612CA2271534C00D84448;
			productRefGroup = E9B612D42271534C00D84448 /* Products */;
			projectDirPath = "";
			projectRoot = "";
			targets = (
				E9B612D22271534C00D84448 /* Photoshare */,
			);
		};
/* End PBXProject section */

/* Begin PBXResourcesBuildPhase section */
		E9B612D12271534C00D84448 /* Resources */ = {
			isa = PBXResourcesBuildPhase;
			buildActionMask = 2147483647;
			files = (
				E9B612E12271534E00D84448 /* LaunchScreen.storyboard in Resources */,
				E920A053227167B200BAD218 /* GoogleService-Info.plist in Resources */,
				E9B612DE2271534E00D84448 /* Assets.xcassets in Resources */,
				E9B612DC2271534C00D84448 /* Main.storyboard in Resources */,
			);
			runOnlyForDeploymentPostprocessing = 0;
		};
/* End PBXResourcesBuildPhase section */

/* Begin PBXShellScriptBuildPhase section */
		6BD5529D5D43A43D6BFA2C1C /* [CP] Check Pods Manifest.lock */ = {
			isa = PBXShellScriptBuildPhase;
			buildActionMask = 2147483647;
			files = (
			);
			inputFileListPaths = (
			);
			inputPaths = (
				"${PODS_PODFILE_DIR_PATH}/Podfile.lock",
				"${PODS_ROOT}/Manifest.lock",
			);
			name = "[CP] Check Pods Manifest.lock";
			outputFileListPaths = (
			);
			outputPaths = (
				"$(DERIVED_FILE_DIR)/Pods-Photoshare-checkManifestLockResult.txt",
			);
			runOnlyForDeploymentPostprocessing = 0;
			shellPath = /bin/sh;
			shellScript = "diff \"${PODS_PODFILE_DIR_PATH}/Podfile.lock\" \"${PODS_ROOT}/Manifest.lock\" > /dev/null\nif [ $? != 0 ] ; then\n    # print error to STDERR\n    echo \"error: The sandbox is not in sync with the Podfile.lock. Run 'pod install' or update your CocoaPods installation.\" >&2\n    exit 1\nfi\n# This output is used by Xcode 'outputs' to avoid re-running this script phase.\necho \"SUCCESS\" > \"${SCRIPT_OUTPUT_FILE_0}\"\n";
			showEnvVarsInLog = 0;
		};
		C325B9701A409BDBF696B1CE /* [CP] Embed Pods Frameworks */ = {
			isa = PBXShellScriptBuildPhase;
			buildActionMask = 2147483647;
			files = (
			);
			inputFileListPaths = (
			);
			inputPaths = (
				"${PODS_ROOT}/Target Support Files/Pods-Photoshare/Pods-Photoshare-frameworks.sh",
				"${BUILT_PRODUCTS_DIR}/BoringSSL/openssl.framework",
				"${BUILT_PRODUCTS_DIR}/DACircularProgress/DACircularProgress.framework",
				"${BUILT_PRODUCTS_DIR}/GTMSessionFetcher/GTMSessionFetcher.framework",
				"${BUILT_PRODUCTS_DIR}/GoogleUtilities/GoogleUtilities.framework",
				"${BUILT_PRODUCTS_DIR}/IDMPhotoBrowser/IDMPhotoBrowser.framework",
				"${BUILT_PRODUCTS_DIR}/ImagePicker/ImagePicker.framework",
				"${BUILT_PRODUCTS_DIR}/JSQMessagesViewController/JSQMessagesViewController.framework",
				"${BUILT_PRODUCTS_DIR}/JSQSystemSoundPlayer/JSQSystemSoundPlayer.framework",
				"${BUILT_PRODUCTS_DIR}/MBProgressHUD/MBProgressHUD.framework",
				"${BUILT_PRODUCTS_DIR}/ProgressHUD/ProgressHUD.framework",
				"${BUILT_PRODUCTS_DIR}/Protobuf/Protobuf.framework",
				"${BUILT_PRODUCTS_DIR}/SDWebImage/SDWebImage.framework",
				"${BUILT_PRODUCTS_DIR}/gRPC/GRPCClient.framework",
				"${BUILT_PRODUCTS_DIR}/gRPC-C++/grpcpp.framework",
				"${BUILT_PRODUCTS_DIR}/gRPC-Core/grpc.framework",
				"${BUILT_PRODUCTS_DIR}/gRPC-ProtoRPC/ProtoRPC.framework",
				"${BUILT_PRODUCTS_DIR}/gRPC-RxLibrary/RxLibrary.framework",
				"${BUILT_PRODUCTS_DIR}/leveldb-library/leveldb.framework",
				"${BUILT_PRODUCTS_DIR}/nanopb/nanopb.framework",
				"${BUILT_PRODUCTS_DIR}/pop/pop.framework",
			);
			name = "[CP] Embed Pods Frameworks";
			outputFileListPaths = (
			);
			outputPaths = (
				"${TARGET_BUILD_DIR}/${FRAMEWORKS_FOLDER_PATH}/openssl.framework",
				"${TARGET_BUILD_DIR}/${FRAMEWORKS_FOLDER_PATH}/DACircularProgress.framework",
				"${TARGET_BUILD_DIR}/${FRAMEWORKS_FOLDER_PATH}/GTMSessionFetcher.framework",
				"${TARGET_BUILD_DIR}/${FRAMEWORKS_FOLDER_PATH}/GoogleUtilities.framework",
				"${TARGET_BUILD_DIR}/${FRAMEWORKS_FOLDER_PATH}/IDMPhotoBrowser.framework",
				"${TARGET_BUILD_DIR}/${FRAMEWORKS_FOLDER_PATH}/ImagePicker.framework",
				"${TARGET_BUILD_DIR}/${FRAMEWORKS_FOLDER_PATH}/JSQMessagesViewController.framework",
				"${TARGET_BUILD_DIR}/${FRAMEWORKS_FOLDER_PATH}/JSQSystemSoundPlayer.framework",
				"${TARGET_BUILD_DIR}/${FRAMEWORKS_FOLDER_PATH}/MBProgressHUD.framework",
				"${TARGET_BUILD_DIR}/${FRAMEWORKS_FOLDER_PATH}/ProgressHUD.framework",
				"${TARGET_BUILD_DIR}/${FRAMEWORKS_FOLDER_PATH}/Protobuf.framework",
				"${TARGET_BUILD_DIR}/${FRAMEWORKS_FOLDER_PATH}/SDWebImage.framework",
				"${TARGET_BUILD_DIR}/${FRAMEWORKS_FOLDER_PATH}/GRPCClient.framework",
				"${TARGET_BUILD_DIR}/${FRAMEWORKS_FOLDER_PATH}/grpcpp.framework",
				"${TARGET_BUILD_DIR}/${FRAMEWORKS_FOLDER_PATH}/grpc.framework",
				"${TARGET_BUILD_DIR}/${FRAMEWORKS_FOLDER_PATH}/ProtoRPC.framework",
				"${TARGET_BUILD_DIR}/${FRAMEWORKS_FOLDER_PATH}/RxLibrary.framework",
				"${TARGET_BUILD_DIR}/${FRAMEWORKS_FOLDER_PATH}/leveldb.framework",
				"${TARGET_BUILD_DIR}/${FRAMEWORKS_FOLDER_PATH}/nanopb.framework",
				"${TARGET_BUILD_DIR}/${FRAMEWORKS_FOLDER_PATH}/pop.framework",
			);
			runOnlyForDeploymentPostprocessing = 0;
			shellPath = /bin/sh;
			shellScript = "\"${PODS_ROOT}/Target Support Files/Pods-Photoshare/Pods-Photoshare-frameworks.sh\"\n";
			showEnvVarsInLog = 0;
		};
/* End PBXShellScriptBuildPhase section */

/* Begin PBXSourcesBuildPhase section */
		E9B612CF2271534C00D84448 /* Sources */ = {
			isa = PBXSourcesBuildPhase;
			buildActionMask = 2147483647;
			files = (
				E9B612D72271534C00D84448 /* AppDelegate.swift in Sources */,
				E9E26925227315A100BACFBE /* Recent.swift in Sources */,
				E9F376672276C282005CD116 /* IncomingMessage.swift in Sources */,
				E9C41A9F22729F6C008B393E /* UserTableViewCell.swift in Sources */,
				E909D1D622782C280019647E /* PhotoMediaItem.swift in Sources */,
				E920A0552271724E00BAD218 /* User.swift in Sources */,
				E9E2692922758CC400BACFBE /* MessageViewController.swift in Sources */,
				E9C82FEB227998B100AB1C6A /* Posts.swift in Sources */,
				E9F3766522768744005CD116 /* OutgoingMessage.swift in Sources */,
				E9B612E9227158AD00D84448 /* WelcomeViewController.swift in Sources */,
				E909D1D122781BE70019647E /* Camera.swift in Sources */,
				E920A0592271750D00BAD218 /* CollectionReference.swift in Sources */,
				E909D1D4227820910019647E /* Downloader.swift in Sources */,
				E909D1DA227917670019647E /* SavedImageCollectionViewCell.swift in Sources */,
				E9C41A9D2272859F008B393E /* SettingsTableViewController.swift in Sources */,
				E9C82FED2279A7B900AB1C6A /* PostTableViewCell.swift in Sources */,
				E920A057227172CB00BAD218 /* Constants.swift in Sources */,
				E9C82FE922798FFA00AB1C6A /* UploadPostsViewController.swift in Sources */,
				E9C41A9A22719D50008B393E /* FinishRegistrationViewController.swift in Sources */,
				E9E269212272F6A500BACFBE /* ContactTableViewController.swift in Sources */,
				E9C41AA52272A540008B393E /* UsersTableViewController.swift in Sources */,
				E9C41AA92272B7AB008B393E /* MessagesViewController.swift in Sources */,
				E9E269272273E36D00BACFBE /* RecentMessageTableViewCell.swift in Sources */,
				E909D1D82279172B0019647E /* SavedImagesCollectionViewController.swift in Sources */,
				E920A05B227176A200BAD218 /* HelperFunctions.swift in Sources */,
				E9C82FE72279886F00AB1C6A /* TimelineTableViewController.swift in Sources */,
			);
			runOnlyForDeploymentPostprocessing = 0;
		};
/* End PBXSourcesBuildPhase section */

/* Begin PBXVariantGroup section */
		E9B612DA2271534C00D84448 /* Main.storyboard */ = {
			isa = PBXVariantGroup;
			children = (
				E9B612DB2271534C00D84448 /* Base */,
			);
			name = Main.storyboard;
			sourceTree = "<group>";
		};
		E9B612DF2271534E00D84448 /* LaunchScreen.storyboard */ = {
			isa = PBXVariantGroup;
			children = (
				E9B612E02271534E00D84448 /* Base */,
			);
			name = LaunchScreen.storyboard;
			sourceTree = "<group>";
		};
/* End PBXVariantGroup section */

/* Begin XCBuildConfiguration section */
		E9B612E32271534E00D84448 /* Debug */ = {
			isa = XCBuildConfiguration;
			buildSettings = {
				ALWAYS_SEARCH_USER_PATHS = NO;
				CLANG_ANALYZER_NONNULL = YES;
				CLANG_ANALYZER_NUMBER_OBJECT_CONVERSION = YES_AGGRESSIVE;
				CLANG_CXX_LANGUAGE_STANDARD = "gnu++14";
				CLANG_CXX_LIBRARY = "libc++";
				CLANG_ENABLE_MODULES = YES;
				CLANG_ENABLE_OBJC_ARC = YES;
				CLANG_ENABLE_OBJC_WEAK = YES;
				CLANG_WARN_BLOCK_CAPTURE_AUTORELEASING = YES;
				CLANG_WARN_BOOL_CONVERSION = YES;
				CLANG_WARN_COMMA = YES;
				CLANG_WARN_CONSTANT_CONVERSION = YES;
				CLANG_WARN_DEPRECATED_OBJC_IMPLEMENTATIONS = YES;
				CLANG_WARN_DIRECT_OBJC_ISA_USAGE = YES_ERROR;
				CLANG_WARN_DOCUMENTATION_COMMENTS = YES;
				CLANG_WARN_EMPTY_BODY = YES;
				CLANG_WARN_ENUM_CONVERSION = YES;
				CLANG_WARN_INFINITE_RECURSION = YES;
				CLANG_WARN_INT_CONVERSION = YES;
				CLANG_WARN_NON_LITERAL_NULL_CONVERSION = YES;
				CLANG_WARN_OBJC_IMPLICIT_RETAIN_SELF = YES;
				CLANG_WARN_OBJC_LITERAL_CONVERSION = YES;
				CLANG_WARN_OBJC_ROOT_CLASS = YES_ERROR;
				CLANG_WARN_RANGE_LOOP_ANALYSIS = YES;
				CLANG_WARN_STRICT_PROTOTYPES = YES;
				CLANG_WARN_SUSPICIOUS_MOVE = YES;
				CLANG_WARN_UNGUARDED_AVAILABILITY = YES_AGGRESSIVE;
				CLANG_WARN_UNREACHABLE_CODE = YES;
				CLANG_WARN__DUPLICATE_METHOD_MATCH = YES;
				CODE_SIGN_IDENTITY = "iPhone Developer";
				COPY_PHASE_STRIP = NO;
				DEBUG_INFORMATION_FORMAT = dwarf;
				ENABLE_STRICT_OBJC_MSGSEND = YES;
				ENABLE_TESTABILITY = YES;
				GCC_C_LANGUAGE_STANDARD = gnu11;
				GCC_DYNAMIC_NO_PIC = NO;
				GCC_NO_COMMON_BLOCKS = YES;
				GCC_OPTIMIZATION_LEVEL = 0;
				GCC_PREPROCESSOR_DEFINITIONS = (
					"DEBUG=1",
					"$(inherited)",
				);
				GCC_WARN_64_TO_32_BIT_CONVERSION = YES;
				GCC_WARN_ABOUT_RETURN_TYPE = YES_ERROR;
				GCC_WARN_UNDECLARED_SELECTOR = YES;
				GCC_WARN_UNINITIALIZED_AUTOS = YES_AGGRESSIVE;
				GCC_WARN_UNUSED_FUNCTION = YES;
				GCC_WARN_UNUSED_VARIABLE = YES;
				IPHONEOS_DEPLOYMENT_TARGET = 12.1;
				MTL_ENABLE_DEBUG_INFO = INCLUDE_SOURCE;
				MTL_FAST_MATH = YES;
				ONLY_ACTIVE_ARCH = YES;
				SDKROOT = iphoneos;
				SWIFT_ACTIVE_COMPILATION_CONDITIONS = DEBUG;
				SWIFT_OPTIMIZATION_LEVEL = "-Onone";
			};
			name = Debug;
		};
		E9B612E42271534E00D84448 /* Release */ = {
			isa = XCBuildConfiguration;
			buildSettings = {
				ALWAYS_SEARCH_USER_PATHS = NO;
				CLANG_ANALYZER_NONNULL = YES;
				CLANG_ANALYZER_NUMBER_OBJECT_CONVERSION = YES_AGGRESSIVE;
				CLANG_CXX_LANGUAGE_STANDARD = "gnu++14";
				CLANG_CXX_LIBRARY = "libc++";
				CLANG_ENABLE_MODULES = YES;
				CLANG_ENABLE_OBJC_ARC = YES;
				CLANG_ENABLE_OBJC_WEAK = YES;
				CLANG_WARN_BLOCK_CAPTURE_AUTORELEASING = YES;
				CLANG_WARN_BOOL_CONVERSION = YES;
				CLANG_WARN_COMMA = YES;
				CLANG_WARN_CONSTANT_CONVERSION = YES;
				CLANG_WARN_DEPRECATED_OBJC_IMPLEMENTATIONS = YES;
				CLANG_WARN_DIRECT_OBJC_ISA_USAGE = YES_ERROR;
				CLANG_WARN_DOCUMENTATION_COMMENTS = YES;
				CLANG_WARN_EMPTY_BODY = YES;
				CLANG_WARN_ENUM_CONVERSION = YES;
				CLANG_WARN_INFINITE_RECURSION = YES;
				CLANG_WARN_INT_CONVERSION = YES;
				CLANG_WARN_NON_LITERAL_NULL_CONVERSION = YES;
				CLANG_WARN_OBJC_IMPLICIT_RETAIN_SELF = YES;
				CLANG_WARN_OBJC_LITERAL_CONVERSION = YES;
				CLANG_WARN_OBJC_ROOT_CLASS = YES_ERROR;
				CLANG_WARN_RANGE_LOOP_ANALYSIS = YES;
				CLANG_WARN_STRICT_PROTOTYPES = YES;
				CLANG_WARN_SUSPICIOUS_MOVE = YES;
				CLANG_WARN_UNGUARDED_AVAILABILITY = YES_AGGRESSIVE;
				CLANG_WARN_UNREACHABLE_CODE = YES;
				CLANG_WARN__DUPLICATE_METHOD_MATCH = YES;
				CODE_SIGN_IDENTITY = "iPhone Developer";
				COPY_PHASE_STRIP = NO;
				DEBUG_INFORMATION_FORMAT = "dwarf-with-dsym";
				ENABLE_NS_ASSERTIONS = NO;
				ENABLE_STRICT_OBJC_MSGSEND = YES;
				GCC_C_LANGUAGE_STANDARD = gnu11;
				GCC_NO_COMMON_BLOCKS = YES;
				GCC_WARN_64_TO_32_BIT_CONVERSION = YES;
				GCC_WARN_ABOUT_RETURN_TYPE = YES_ERROR;
				GCC_WARN_UNDECLARED_SELECTOR = YES;
				GCC_WARN_UNINITIALIZED_AUTOS = YES_AGGRESSIVE;
				GCC_WARN_UNUSED_FUNCTION = YES;
				GCC_WARN_UNUSED_VARIABLE = YES;
				IPHONEOS_DEPLOYMENT_TARGET = 12.1;
				MTL_ENABLE_DEBUG_INFO = NO;
				MTL_FAST_MATH = YES;
				SDKROOT = iphoneos;
				SWIFT_COMPILATION_MODE = wholemodule;
				SWIFT_OPTIMIZATION_LEVEL = "-O";
				VALIDATE_PRODUCT = YES;
			};
			name = Release;
		};
		E9B612E62271534E00D84448 /* Debug */ = {
			isa = XCBuildConfiguration;
			baseConfigurationReference = 31053229C59D2392E0323610 /* Pods-Photoshare.debug.xcconfig */;
			buildSettings = {
				ASSETCATALOG_COMPILER_APPICON_NAME = AppIcon;
				CODE_SIGN_STYLE = Automatic;
				DEVELOPMENT_TEAM = 7QDMP9QZH3;
				INFOPLIST_FILE = "$(SRCROOT)/Photoshare/Other Files/Info.plist";
				LD_RUNPATH_SEARCH_PATHS = (
					"$(inherited)",
					"@executable_path/Frameworks",
				);
				PRODUCT_BUNDLE_IDENTIFIER = com.Thomas.Photoshare;
				PRODUCT_NAME = "$(TARGET_NAME)";
				SWIFT_VERSION = 4.0;
				TARGETED_DEVICE_FAMILY = "1,2";
			};
			name = Debug;
		};
		E9B612E72271534E00D84448 /* Release */ = {
			isa = XCBuildConfiguration;
			baseConfigurationReference = 030AB0B1C8C3D3707A9A0544 /* Pods-Photoshare.release.xcconfig */;
			buildSettings = {
				ASSETCATALOG_COMPILER_APPICON_NAME = AppIcon;
				CODE_SIGN_STYLE = Automatic;
				DEVELOPMENT_TEAM = 7QDMP9QZH3;
				INFOPLIST_FILE = "$(SRCROOT)/Photoshare/Other Files/Info.plist";
				LD_RUNPATH_SEARCH_PATHS = (
					"$(inherited)",
					"@executable_path/Frameworks",
				);
				PRODUCT_BUNDLE_IDENTIFIER = com.Thomas.Photoshare;
				PRODUCT_NAME = "$(TARGET_NAME)";
				SWIFT_VERSION = 4.0;
				TARGETED_DEVICE_FAMILY = "1,2";
			};
			name = Release;
		};
/* End XCBuildConfiguration section */

/* Begin XCConfigurationList section */
		E9B612CE2271534C00D84448 /* Build configuration list for PBXProject "Photoshare" */ = {
			isa = XCConfigurationList;
			buildConfigurations = (
				E9B612E32271534E00D84448 /* Debug */,
				E9B612E42271534E00D84448 /* Release */,
			);
			defaultConfigurationIsVisible = 0;
			defaultConfigurationName = Release;
		};
		E9B612E52271534E00D84448 /* Build configuration list for PBXNativeTarget "Photoshare" */ = {
			isa = XCConfigurationList;
			buildConfigurations = (
				E9B612E62271534E00D84448 /* Debug */,
				E9B612E72271534E00D84448 /* Release */,
			);
			defaultConfigurationIsVisible = 0;
			defaultConfigurationName = Release;
		};
/* End XCConfigurationList section */
	};
	rootObject = E9B612CB2271534C00D84448 /* Project object */;
}
